
Microsoft Visual Studio Solution File, Format Version 12.00
# Visual Studio 15
VisualStudioVersion = 15.0.27004.2005
MinimumVisualStudioVersion = 10.0.40219.1
Project("{FAE04EC0-301F-11D3-BF4B-00C04F79EFBC}") = "SpeexDemo", "SpeexDemo\SpeexDemo.csproj", "{3AC51171-0A89-49D9-9A61-8D099FC72697}"
EndProject
Project("{8BC9CEB8-8B4A-11D0-8D11-00A0C91BC942}") = "libspeex", "speex-1.2rc1\win32\VS2008\libspeex\libspeex.vcxproj", "{E972C52F-9E85-4D65-B19C-031E511E9DB4}"
EndProject
Project("{FAE04EC0-301F-11D3-BF4B-00C04F79EFBC}") = "SpeexCore", "SpeexCore\SpeexCore.csproj", "{B6C56E9B-E804-4B7E-A559-1486E9586DCD}"
EndProject
Global
	GlobalSection(SolutionConfigurationPlatforms) = preSolution
		Debug_RTL_dll|Any CPU = Debug_RTL_dll|Any CPU
		Debug_RTL_dll|x86 = Debug_RTL_dll|x86
		Debug_WM5_PPC_ARM|Any CPU = Debug_WM5_PPC_ARM|Any CPU
		Debug_WM5_PPC_ARM|x86 = Debug_WM5_PPC_ARM|x86
		Debug|Any CPU = Debug|Any CPU
		Debug|x86 = Debug|x86
		Release_Dynamic|Any CPU = Release_Dynamic|Any CPU
		Release_Dynamic|x86 = Release_Dynamic|x86
		Release_RTL_dll|Any CPU = Release_RTL_dll|Any CPU
		Release_RTL_dll|x86 = Release_RTL_dll|x86
		Release_SSE|Any CPU = Release_SSE|Any CPU
		Release_SSE|x86 = Release_SSE|x86
		Release_SSE2|Any CPU = Release_SSE2|Any CPU
		Release_SSE2|x86 = Release_SSE2|x86
		Release_WM5_PPC_ARM|Any CPU = Release_WM5_PPC_ARM|Any CPU
		Release_WM5_PPC_ARM|x86 = Release_WM5_PPC_ARM|x86
		Release|Any CPU = Release|Any CPU
		Release|x86 = Release|x86
	EndGlobalSection
	GlobalSection(ProjectConfigurationPlatforms) = postSolution
		{3AC51171-0A89-49D9-9A61-8D099FC72697}.Debug_RTL_dll|Any CPU.ActiveCfg = Debug|Any CPU
		{3AC51171-0A89-49D9-9A61-8D099FC72697}.Debug_RTL_dll|Any CPU.Build.0 = Debug|Any CPU
		{3AC51171-0A89-49D9-9A61-8D099FC72697}.Debug_RTL_dll|x86.ActiveCfg = Debug|Any CPU
		{3AC51171-0A89-49D9-9A61-8D099FC72697}.Debug_RTL_dll|x86.Build.0 = Debug|Any CPU
		{3AC51171-0A89-49D9-9A61-8D099FC72697}.Debug_WM5_PPC_ARM|Any CPU.ActiveCfg = Debug|Any CPU
		{3AC51171-0A89-49D9-9A61-8D099FC72697}.Debug_WM5_PPC_ARM|Any CPU.Build.0 = Debug|Any CPU
		{3AC51171-0A89-49D9-9A61-8D099FC72697}.Debug_WM5_PPC_ARM|x86.ActiveCfg = Debug|Any CPU
		{3AC51171-0A89-49D9-9A61-8D099FC72697}.Debug_WM5_PPC_ARM|x86.Build.0 = Debug|Any CPU
		{3AC51171-0A89-49D9-9A61-8D099FC72697}.Debug|Any CPU.ActiveCfg = Debug|Any CPU
		{3AC51171-0A89-49D9-9A61-8D099FC72697}.Debug|Any CPU.Build.0 = Debug|Any CPU
		{3AC51171-0A89-49D9-9A61-8D099FC72697}.Debug|x86.ActiveCfg = Debug|Any CPU
		{3AC51171-0A89-49D9-9A61-8D099FC72697}.Debug|x86.Build.0 = Debug|Any CPU
		{3AC51171-0A89-49D9-9A61-8D099FC72697}.Release_Dynamic|Any CPU.ActiveCfg = Release|Any CPU
		{3AC51171-0A89-49D9-9A61-8D099FC72697}.Release_Dynamic|Any CPU.Build.0 = Release|Any CPU
		{3AC51171-0A89-49D9-9A61-8D099FC72697}.Release_Dynamic|x86.ActiveCfg = Release|Any CPU
		{3AC51171-0A89-49D9-9A61-8D099FC72697}.Release_Dynamic|x86.Build.0 = Release|Any CPU
		{3AC51171-0A89-49D9-9A61-8D099FC72697}.Release_RTL_dll|Any CPU.ActiveCfg = Release|Any CPU
		{3AC51171-0A89-49D9-9A61-8D099FC72697}.Release_RTL_dll|Any CPU.Build.0 = Release|Any CPU
		{3AC51171-0A89-49D9-9A61-8D099FC72697}.Release_RTL_dll|x86.ActiveCfg = Release|Any CPU
		{3AC51171-0A89-49D9-9A61-8D099FC72697}.Release_RTL_dll|x86.Build.0 = Release|Any CPU
		{3AC51171-0A89-49D9-9A61-8D099FC72697}.Release_SSE|Any CPU.ActiveCfg = Release|Any CPU
		{3AC51171-0A89-49D9-9A61-8D099FC72697}.Release_SSE|Any CPU.Build.0 = Release|Any CPU
		{3AC51171-0A89-49D9-9A61-8D099FC72697}.Release_SSE|x86.ActiveCfg = Release|Any CPU
		{3AC51171-0A89-49D9-9A61-8D099FC72697}.Release_SSE|x86.Build.0 = Release|Any CPU
		{3AC51171-0A89-49D9-9A61-8D099FC72697}.Release_SSE2|Any CPU.ActiveCfg = Release|Any CPU
		{3AC51171-0A89-49D9-9A61-8D099FC72697}.Release_SSE2|Any CPU.Build.0 = Release|Any CPU
		{3AC51171-0A89-49D9-9A61-8D099FC72697}.Release_SSE2|x86.ActiveCfg = Release|Any CPU
		{3AC51171-0A89-49D9-9A61-8D099FC72697}.Release_SSE2|x86.Build.0 = Release|Any CPU
		{3AC51171-0A89-49D9-9A61-8D099FC72697}.Release_WM5_PPC_ARM|Any CPU.ActiveCfg = Release|Any CPU
		{3AC51171-0A89-49D9-9A61-8D099FC72697}.Release_WM5_PPC_ARM|Any CPU.Build.0 = Release|Any CPU
		{3AC51171-0A89-49D9-9A61-8D099FC72697}.Release_WM5_PPC_ARM|x86.ActiveCfg = Release|Any CPU
		{3AC51171-0A89-49D9-9A61-8D099FC72697}.Release_WM5_PPC_ARM|x86.Build.0 = Release|Any CPU
		{3AC51171-0A89-49D9-9A61-8D099FC72697}.Release|Any CPU.ActiveCfg = Release|Any CPU
		{3AC51171-0A89-49D9-9A61-8D099FC72697}.Release|Any CPU.Build.0 = Release|Any CPU
		{3AC51171-0A89-49D9-9A61-8D099FC72697}.Release|x86.ActiveCfg = Release|Any CPU
		{3AC51171-0A89-49D9-9A61-8D099FC72697}.Release|x86.Build.0 = Release|Any CPU
		{E972C52F-9E85-4D65-B19C-031E511E9DB4}.Debug_RTL_dll|Any CPU.ActiveCfg = Debug_RTL_dll|Win32
		{E972C52F-9E85-4D65-B19C-031E511E9DB4}.Debug_RTL_dll|x86.ActiveCfg = Debug_RTL_dll|Win32
		{E972C52F-9E85-4D65-B19C-031E511E9DB4}.Debug_RTL_dll|x86.Build.0 = Debug_RTL_dll|Win32
		{E972C52F-9E85-4D65-B19C-031E511E9DB4}.Debug_WM5_PPC_ARM|Any CPU.ActiveCfg = Debug_WM5_PPC_ARM|Win32
		{E972C52F-9E85-4D65-B19C-031E511E9DB4}.Debug_WM5_PPC_ARM|x86.ActiveCfg = Debug_WM5_PPC_ARM|Win32
		{E972C52F-9E85-4D65-B19C-031E511E9DB4}.Debug_WM5_PPC_ARM|x86.Build.0 = Debug_WM5_PPC_ARM|Win32
		{E972C52F-9E85-4D65-B19C-031E511E9DB4}.Debug|Any CPU.ActiveCfg = Debug|Win32
		{E972C52F-9E85-4D65-B19C-031E511E9DB4}.Debug|x86.ActiveCfg = Debug|Win32
		{E972C52F-9E85-4D65-B19C-031E511E9DB4}.Debug|x86.Build.0 = Debug|Win32
		{E972C52F-9E85-4D65-B19C-031E511E9DB4}.Release_Dynamic|Any CPU.ActiveCfg = Release_Dynamic|Win32
		{E972C52F-9E85-4D65-B19C-031E511E9DB4}.Release_Dynamic|x86.ActiveCfg = Release_Dynamic|Win32
		{E972C52F-9E85-4D65-B19C-031E511E9DB4}.Release_Dynamic|x86.Build.0 = Release_Dynamic|Win32
		{E972C52F-9E85-4D65-B19C-031E511E9DB4}.Release_RTL_dll|Any CPU.ActiveCfg = Release_RTL_dll|Win32
		{E972C52F-9E85-4D65-B19C-031E511E9DB4}.Release_RTL_dll|x86.ActiveCfg = Release_RTL_dll|Win32
		{E972C52F-9E85-4D65-B19C-031E511E9DB4}.Release_RTL_dll|x86.Build.0 = Release_RTL_dll|Win32
		{E972C52F-9E85-4D65-B19C-031E511E9DB4}.Release_SSE|Any CPU.ActiveCfg = Release_SSE|Win32
		{E972C52F-9E85-4D65-B19C-031E511E9DB4}.Release_SSE|x86.ActiveCfg = Release_SSE|Win32
		{E972C52F-9E85-4D65-B19C-031E511E9DB4}.Release_SSE|x86.Build.0 = Release_SSE|Win32
		{E972C52F-9E85-4D65-B19C-031E511E9DB4}.Release_SSE2|Any CPU.ActiveCfg = Release_SSE2|Win32
		{E972C52F-9E85-4D65-B19C-031E511E9DB4}.Release_SSE2|x86.ActiveCfg = Release_SSE2|Win32
		{E972C52F-9E85-4D65-B19C-031E511E9DB4}.Release_SSE2|x86.Build.0 = Release_SSE2|Win32
		{E972C52F-9E85-4D65-B19C-031E511E9DB4}.Release_WM5_PPC_ARM|Any CPU.ActiveCfg = Release_WM5_PPC_ARM|Win32
		{E972C52F-9E85-4D65-B19C-031E511E9DB4}.Release_WM5_PPC_ARM|x86.ActiveCfg = Release_WM5_PPC_ARM|Win32
		{E972C52F-9E85-4D65-B19C-031E511E9DB4}.Release_WM5_PPC_ARM|x86.Build.0 = Release_WM5_PPC_ARM|Win32
		{E972C52F-9E85-4D65-B19C-031E511E9DB4}.Release|Any CPU.ActiveCfg = Release|Win32
		{E972C52F-9E85-4D65-B19C-031E511E9DB4}.Release|x86.ActiveCfg = Release|Win32
		{E972C52F-9E85-4D65-B19C-031E511E9DB4}.Release|x86.Build.0 = Release|Win32
		{B6C56E9B-E804-4B7E-A559-1486E9586DCD}.Debug_RTL_dll|Any CPU.ActiveCfg = Debug|Any CPU
		{B6C56E9B-E804-4B7E-A559-1486E9586DCD}.Debug_RTL_dll|Any CPU.Build.0 = Debug|Any CPU
		{B6C56E9B-E804-4B7E-A559-1486E9586DCD}.Debug_RTL_dll|x86.ActiveCfg = Debug|Any CPU
		{B6C56E9B-E804-4B7E-A559-1486E9586DCD}.Debug_RTL_dll|x86.Build.0 = Debug|Any CPU
		{B6C56E9B-E804-4B7E-A559-1486E9586DCD}.Debug_WM5_PPC_ARM|Any CPU.ActiveCfg = Debug|Any CPU
		{B6C56E9B-E804-4B7E-A559-1486E9586DCD}.Debug_WM5_PPC_ARM|Any CPU.Build.0 = Debug|Any CPU
		{B6C56E9B-E804-4B7E-A559-1486E9586DCD}.Debug_WM5_PPC_ARM|x86.ActiveCfg = Debug|Any CPU
		{B6C56E9B-E804-4B7E-A559-1486E9586DCD}.Debug_WM5_PPC_ARM|x86.Build.0 = Debug|Any CPU
		{B6C56E9B-E804-4B7E-A559-1486E9586DCD}.Debug|Any CPU.ActiveCfg = Debug|Any CPU
		{B6C56E9B-E804-4B7E-A559-1486E9586DCD}.Debug|Any CPU.Build.0 = Debug|Any CPU
		{B6C56E9B-E804-4B7E-A559-1486E9586DCD}.Debug|x86.ActiveCfg = Debug|Any CPU
		{B6C56E9B-E804-4B7E-A559-1486E9586DCD}.Debug|x86.Build.0 = Debug|Any CPU
		{B6C56E9B-E804-4B7E-A559-1486E9586DCD}.Release_Dynamic|Any CPU.ActiveCfg = Release|Any CPU
		{B6C56E9B-E804-4B7E-A559-1486E9586DCD}.Release_Dynamic|Any CPU.Build.0 = Release|Any CPU
		{B6C56E9B-E804-4B7E-A559-1486E9586DCD}.Release_Dynamic|x86.ActiveCfg = Release|Any CPU
		{B6C56E9B-E804-4B7E-A559-1486E9586DCD}.Release_Dynamic|x86.Build.0 = Release|Any CPU
		{B6C56E9B-E804-4B7E-A559-1486E9586DCD}.Release_RTL_dll|Any CPU.ActiveCfg = Release|Any CPU
		{B6C56E9B-E804-4B7E-A559-1486E9586DCD}.Release_RTL_dll|Any CPU.Build.0 = Release|Any CPU
		{B6C56E9B-E804-4B7E-A559-1486E9586DCD}.Release_RTL_dll|x86.ActiveCfg = Release|Any CPU
		{B6C56E9B-E804-4B7E-A559-1486E9586DCD}.Release_RTL_dll|x86.Build.0 = Release|Any CPU
		{B6C56E9B-E804-4B7E-A559-1486E9586DCD}.Release_SSE|Any CPU.ActiveCfg = Release|Any CPU
		{B6C56E9B-E804-4B7E-A559-1486E9586DCD}.Release_SSE|Any CPU.Build.0 = Release|Any CPU
		{B6C56E9B-E804-4B7E-A559-1486E9586DCD}.Release_SSE|x86.ActiveCfg = Release|Any CPU
		{B6C56E9B-E804-4B7E-A559-1486E9586DCD}.Release_SSE|x86.Build.0 = Release|Any CPU
		{B6C56E9B-E804-4B7E-A559-1486E9586DCD}.Release_SSE2|Any CPU.ActiveCfg = Release|Any CPU
		{B6C56E9B-E804-4B7E-A559-1486E9586DCD}.Release_SSE2|Any CPU.Build.0 = Release|Any CPU
		{B6C56E9B-E804-4B7E-A559-1486E9586DCD}.Release_SSE2|x86.ActiveCfg = Release|Any CPU
		{B6C56E9B-E804-4B7E-A559-1486E9586DCD}.Release_SSE2|x86.Build.0 = Release|Any CPU
		{B6C56E9B-E804-4B7E-A559-1486E9586DCD}.Release_WM5_PPC_ARM|Any CPU.ActiveCfg = Release|Any CPU
		{B6C56E9B-E804-4B7E-A559-1486E9586DCD}.Release_WM5_PPC_ARM|Any CPU.Build.0 = Release|Any CPU
		{B6C56E9B-E804-4B7E-A559-1486E9586DCD}.Release_WM5_PPC_ARM|x86.ActiveCfg = Release|Any CPU
		{B6C56E9B-E804-4B7E-A559-1486E9586DCD}.Release_WM5_PPC_ARM|x86.Build.0 = Release|Any CPU
		{B6C56E9B-E804-4B7E-A559-1486E9586DCD}.Release|Any CPU.ActiveCfg = Release|Any CPU
		{B6C56E9B-E804-4B7E-A559-1486E9586DCD}.Release|Any CPU.Build.0 = Release|Any CPU
		{B6C56E9B-E804-4B7E-A559-1486E9586DCD}.Release|x86.ActiveCfg = Release|Any CPU
		{B6C56E9B-E804-4B7E-A559-1486E9586DCD}.Release|x86.Build.0 = Release|Any CPU
	EndGlobalSection
	GlobalSection(SolutionProperties) = preSolution
		HideSolutionNode = FALSE
	EndGlobalSection
	GlobalSection(ExtensibilityGlobals) = postSolution
		SolutionGuid = {D407E961-2699-448D-BFBC-5FDD2EF69D0B}
	EndGlobalSection
EndGlobal
